
Microsoft Visual Studio Solution File, Format Version 12.00
# Visual Studio Version 17
VisualStudioVersion = 17.3.32819.101
MinimumVisualStudioVersion = 10.0.40219.1
Project("{FAE04EC0-301F-11D3-BF4B-00C04F79EFBC}") = "WriteEverywhere", "WriteEverywhere\WriteEverywhere.csproj", "{291D9EA9-6945-4EA3-8756-37464D40F450}"
	ProjectSection(ProjectDependencies) = postProject
		{C1EF6364-94B2-4662-8F43-484EE9364EED} = {C1EF6364-94B2-4662-8F43-484EE9364EED}
	EndProjectSection
EndProject
Project("{FAE04EC0-301F-11D3-BF4B-00C04F79EFBC}") = "Bridge_WE2TLM", "Bridge_WE2TLM\Bridge_WE2TLM.csproj", "{9993BF38-0DB8-4959-A4A6-701AB67EC55D}"
EndProject
Project("{FAE04EC0-301F-11D3-BF4B-00C04F79EFBC}") = "Bridge_WE2CD", "Bridge_WE2ADR\Bridge_WE2CD.csproj", "{60D2E312-654F-499B-A0E0-8786A5A66CF2}"
EndProject
Project("{FAE04EC0-301F-11D3-BF4B-00C04F79EFBC}") = "KwyttoUtilityWE", "KwyttoUtilityWE\KwyttoUtilityWE.csproj", "{27C920F8-F40F-4D56-BCB6-9C9025ED0AAC}"
EndProject
Project("{FAE04EC0-301F-11D3-BF4B-00C04F79EFBC}") = "Bridge_WE2VS", "Bridge_WE2VS\Bridge_WE2VS.csproj", "{A48B01D6-0B04-40AA-A5DF-C76A73FFCBB5}"
EndProject
Project("{FAE04EC0-301F-11D3-BF4B-00C04F79EFBC}") = "WriteEverywhere.Xml", "WriteEverywhere.Xml\WriteEverywhere.Xml.csproj", "{EEB0F9CD-62F2-4E4E-9AC7-21D66E0B7696}"
EndProject
Project("{FAE04EC0-301F-11D3-BF4B-00C04F79EFBC}") = "K45_WE2VS", "K45_WE2VS\K45_WE2VS.csproj", "{8C73E56E-FCA4-4562-9EED-670042A83A56}"
	ProjectSection(ProjectDependencies) = postProject
		{291D9EA9-6945-4EA3-8756-37464D40F450} = {291D9EA9-6945-4EA3-8756-37464D40F450}
	EndProjectSection
EndProject
Project("{FAE04EC0-301F-11D3-BF4B-00C04F79EFBC}") = "WriteEverywhere.Plugins", "WriteEverywhere.Plugins\WriteEverywhere.Plugins.csproj", "{0C80A069-4D04-45C6-867A-AD3BFF5B372B}"
EndProject
Project("{FAE04EC0-301F-11D3-BF4B-00C04F79EFBC}") = "WriteEverywhere.Localization", "WriteEverywhere.Localization\WriteEverywhere.Localization.csproj", "{92746969-350C-453C-8439-4D573C1B98A1}"
EndProject
Project("{FAE04EC0-301F-11D3-BF4B-00C04F79EFBC}") = "WriteEverywhere.Font", "WriteEverywhere.Font\WriteEverywhere.Font.csproj", "{560C395E-18D9-44F3-9B3C-D6E5ED455720}"
EndProject
Project("{FAE04EC0-301F-11D3-BF4B-00C04F79EFBC}") = "WriteEverywhere.Layout", "WriteEverywhere.Layout\WriteEverywhere.Layout.csproj", "{C1EF6364-94B2-4662-8F43-484EE9364EED}"
	ProjectSection(ProjectDependencies) = postProject
		{0C80A069-4D04-45C6-867A-AD3BFF5B372B} = {0C80A069-4D04-45C6-867A-AD3BFF5B372B}
		{EEB0F9CD-62F2-4E4E-9AC7-21D66E0B7696} = {EEB0F9CD-62F2-4E4E-9AC7-21D66E0B7696}
	EndProjectSection
EndProject
Project("{FAE04EC0-301F-11D3-BF4B-00C04F79EFBC}") = "WriteEverywhere.Plugins.Ext", "WriteEverywhere.Plugins.Ext\WriteEverywhere.Plugins.Ext.csproj", "{22C465BD-2D18-4BC0-9850-8E11D174A35A}"
EndProject
Project("{FAE04EC0-301F-11D3-BF4B-00C04F79EFBC}") = "K45_WE2CD", "K45_WE2CD\K45_WE2CD.csproj", "{28CB8540-342D-4D8D-9E8B-3776E1AA09FB}"
EndProject
Project("{FAE04EC0-301F-11D3-BF4B-00C04F79EFBC}") = "K45_WE2TLM", "K45_WE2TLM\K45_WE2TLM.csproj", "{EA437BB0-2A55-42C5-8196-F82DA4479C3B}"
EndProject
Project("{FAE04EC0-301F-11D3-BF4B-00C04F79EFBC}") = "WriteEverywhere.Assets", "WriteEverywhere.Assets\WriteEverywhere.Assets.csproj", "{60C28D63-3DB6-4D67-847E-C46827D0FB3A}"
EndProject
Global
	GlobalSection(SolutionConfigurationPlatforms) = preSolution
		Debug|Any CPU = Debug|Any CPU
		Release|Any CPU = Release|Any CPU
	EndGlobalSection
	GlobalSection(ProjectConfigurationPlatforms) = postSolution
		{291D9EA9-6945-4EA3-8756-37464D40F450}.Debug|Any CPU.ActiveCfg = Debug|Any CPU
		{291D9EA9-6945-4EA3-8756-37464D40F450}.Debug|Any CPU.Build.0 = Debug|Any CPU
		{291D9EA9-6945-4EA3-8756-37464D40F450}.Release|Any CPU.ActiveCfg = Release|Any CPU
		{291D9EA9-6945-4EA3-8756-37464D40F450}.Release|Any CPU.Build.0 = Release|Any CPU
		{9993BF38-0DB8-4959-A4A6-701AB67EC55D}.Debug|Any CPU.ActiveCfg = Debug|Any CPU
		{9993BF38-0DB8-4959-A4A6-701AB67EC55D}.Debug|Any CPU.Build.0 = Debug|Any CPU
		{9993BF38-0DB8-4959-A4A6-701AB67EC55D}.Release|Any CPU.ActiveCfg = Release|Any CPU
		{9993BF38-0DB8-4959-A4A6-701AB67EC55D}.Release|Any CPU.Build.0 = Release|Any CPU
		{60D2E312-654F-499B-A0E0-8786A5A66CF2}.Debug|Any CPU.ActiveCfg = Debug|Any CPU
		{60D2E312-654F-499B-A0E0-8786A5A66CF2}.Debug|Any CPU.Build.0 = Debug|Any CPU
		{60D2E312-654F-499B-A0E0-8786A5A66CF2}.Release|Any CPU.ActiveCfg = Release|Any CPU
		{60D2E312-654F-499B-A0E0-8786A5A66CF2}.Release|Any CPU.Build.0 = Release|Any CPU
		{27C920F8-F40F-4D56-BCB6-9C9025ED0AAC}.Debug|Any CPU.ActiveCfg = Debug|Any CPU
		{27C920F8-F40F-4D56-BCB6-9C9025ED0AAC}.Debug|Any CPU.Build.0 = Debug|Any CPU
		{27C920F8-F40F-4D56-BCB6-9C9025ED0AAC}.Release|Any CPU.ActiveCfg = Release|Any CPU
		{27C920F8-F40F-4D56-BCB6-9C9025ED0AAC}.Release|Any CPU.Build.0 = Release|Any CPU
		{A48B01D6-0B04-40AA-A5DF-C76A73FFCBB5}.Debug|Any CPU.ActiveCfg = Debug|Any CPU
		{A48B01D6-0B04-40AA-A5DF-C76A73FFCBB5}.Debug|Any CPU.Build.0 = Debug|Any CPU
		{A48B01D6-0B04-40AA-A5DF-C76A73FFCBB5}.Release|Any CPU.ActiveCfg = Release|Any CPU
		{A48B01D6-0B04-40AA-A5DF-C76A73FFCBB5}.Release|Any CPU.Build.0 = Release|Any CPU
		{EEB0F9CD-62F2-4E4E-9AC7-21D66E0B7696}.Debug|Any CPU.ActiveCfg = Debug|Any CPU
		{EEB0F9CD-62F2-4E4E-9AC7-21D66E0B7696}.Debug|Any CPU.Build.0 = Debug|Any CPU
		{EEB0F9CD-62F2-4E4E-9AC7-21D66E0B7696}.Release|Any CPU.ActiveCfg = Release|Any CPU
		{EEB0F9CD-62F2-4E4E-9AC7-21D66E0B7696}.Release|Any CPU.Build.0 = Release|Any CPU
		{8C73E56E-FCA4-4562-9EED-670042A83A56}.Debug|Any CPU.ActiveCfg = Debug|Any CPU
		{8C73E56E-FCA4-4562-9EED-670042A83A56}.Debug|Any CPU.Build.0 = Debug|Any CPU
		{8C73E56E-FCA4-4562-9EED-670042A83A56}.Release|Any CPU.ActiveCfg = Release|Any CPU
		{8C73E56E-FCA4-4562-9EED-670042A83A56}.Release|Any CPU.Build.0 = Release|Any CPU
		{0C80A069-4D04-45C6-867A-AD3BFF5B372B}.Debug|Any CPU.ActiveCfg = Debug|Any CPU
		{0C80A069-4D04-45C6-867A-AD3BFF5B372B}.Debug|Any CPU.Build.0 = Debug|Any CPU
		{0C80A069-4D04-45C6-867A-AD3BFF5B372B}.Release|Any CPU.ActiveCfg = Release|Any CPU
		{0C80A069-4D04-45C6-867A-AD3BFF5B372B}.Release|Any CPU.Build.0 = Release|Any CPU
		{92746969-350C-453C-8439-4D573C1B98A1}.Debug|Any CPU.ActiveCfg = Debug|Any CPU
		{92746969-350C-453C-8439-4D573C1B98A1}.Debug|Any CPU.Build.0 = Debug|Any CPU
		{92746969-350C-453C-8439-4D573C1B98A1}.Release|Any CPU.ActiveCfg = Release|Any CPU
		{92746969-350C-453C-8439-4D573C1B98A1}.Release|Any CPU.Build.0 = Release|Any CPU
		{560C395E-18D9-44F3-9B3C-D6E5ED455720}.Debug|Any CPU.ActiveCfg = Debug|Any CPU
		{560C395E-18D9-44F3-9B3C-D6E5ED455720}.Debug|Any CPU.Build.0 = Debug|Any CPU
		{560C395E-18D9-44F3-9B3C-D6E5ED455720}.Release|Any CPU.ActiveCfg = Release|Any CPU
		{560C395E-18D9-44F3-9B3C-D6E5ED455720}.Release|Any CPU.Build.0 = Release|Any CPU
		{C1EF6364-94B2-4662-8F43-484EE9364EED}.Debug|Any CPU.ActiveCfg = Debug|Any CPU
		{C1EF6364-94B2-4662-8F43-484EE9364EED}.Debug|Any CPU.Build.0 = Debug|Any CPU
		{C1EF6364-94B2-4662-8F43-484EE9364EED}.Release|Any CPU.ActiveCfg = Release|Any CPU
		{C1EF6364-94B2-4662-8F43-484EE9364EED}.Release|Any CPU.Build.0 = Release|Any CPU
		{22C465BD-2D18-4BC0-9850-8E11D174A35A}.Debug|Any CPU.ActiveCfg = Debug|Any CPU
		{22C465BD-2D18-4BC0-9850-8E11D174A35A}.Debug|Any CPU.Build.0 = Debug|Any CPU
		{22C465BD-2D18-4BC0-9850-8E11D174A35A}.Release|Any CPU.ActiveCfg = Release|Any CPU
		{22C465BD-2D18-4BC0-9850-8E11D174A35A}.Release|Any CPU.Build.0 = Release|Any CPU
		{28CB8540-342D-4D8D-9E8B-3776E1AA09FB}.Debug|Any CPU.ActiveCfg = Debug|Any CPU
		{28CB8540-342D-4D8D-9E8B-3776E1AA09FB}.Debug|Any CPU.Build.0 = Debug|Any CPU
		{28CB8540-342D-4D8D-9E8B-3776E1AA09FB}.Release|Any CPU.ActiveCfg = Release|Any CPU
		{28CB8540-342D-4D8D-9E8B-3776E1AA09FB}.Release|Any CPU.Build.0 = Release|Any CPU
		{EA437BB0-2A55-42C5-8196-F82DA4479C3B}.Debug|Any CPU.ActiveCfg = Debug|Any CPU
		{EA437BB0-2A55-42C5-8196-F82DA4479C3B}.Debug|Any CPU.Build.0 = Debug|Any CPU
		{EA437BB0-2A55-42C5-8196-F82DA4479C3B}.Release|Any CPU.ActiveCfg = Release|Any CPU
		{EA437BB0-2A55-42C5-8196-F82DA4479C3B}.Release|Any CPU.Build.0 = Release|Any CPU
		{60C28D63-3DB6-4D67-847E-C46827D0FB3A}.Debug|Any CPU.ActiveCfg = Debug|Any CPU
		{60C28D63-3DB6-4D67-847E-C46827D0FB3A}.Debug|Any CPU.Build.0 = Debug|Any CPU
		{60C28D63-3DB6-4D67-847E-C46827D0FB3A}.Release|Any CPU.ActiveCfg = Release|Any CPU
		{60C28D63-3DB6-4D67-847E-C46827D0FB3A}.Release|Any CPU.Build.0 = Release|Any CPU
	EndGlobalSection
	GlobalSection(SolutionProperties) = preSolution
		HideSolutionNode = FALSE
	EndGlobalSection
	GlobalSection(ExtensibilityGlobals) = postSolution
		SolutionGuid = {52D8687F-6BFB-4D01-9E1E-AC85E69AB925}
	EndGlobalSection
EndGlobal
